
Microsoft Visual Studio Solution File, Format Version 12.00
# Visual Studio Version 17
VisualStudioVersion = 17.1.32210.238
MinimumVisualStudioVersion = 10.0.40219.1
Project("{FAE04EC0-301F-11D3-BF4B-00C04F79EFBC}") = "MyTechniques.Tests", "Techniques.Tests\MyTechniques.Tests.csproj", "{FE84E74E-56E4-498E-B6C1-15185A856439}"
EndProject
Global
	GlobalSection(SolutionConfigurationPlatforms) = preSolution
		Debug|Any CPU = Debug|Any CPU
		Release|Any CPU = Release|Any CPU
	EndGlobalSection
	GlobalSection(ProjectConfigurationPlatforms) = postSolution
		{FE84E74E-56E4-498E-B6C1-15185A856439}.Debug|Any CPU.ActiveCfg = Debug|Any CPU
		{FE84E74E-56E4-498E-B6C1-15185A856439}.Debug|Any CPU.Build.0 = Debug|Any CPU
		{FE84E74E-56E4-498E-B6C1-15185A856439}.Release|Any CPU.ActiveCfg = Release|Any CPU
		{FE84E74E-56E4-498E-B6C1-15185A856439}.Release|Any CPU.Build.0 = Release|Any CPU
	EndGlobalSection
	GlobalSection(SolutionProperties) = preSolution
		HideSolutionNode = FALSE
	EndGlobalSection
	GlobalSection(ExtensibilityGlobals) = postSolution
		SolutionGuid = {440A7F50-EB85-4F2F-BD33-EF4C8B1A9E41}
	EndGlobalSection
EndGlobal
